
Microsoft Visual Studio Solution File, Format Version 12.00
# Visual Studio Version 17
VisualStudioVersion = 17.11.35222.181
MinimumVisualStudioVersion = 10.0.40219.1
Project("{FAE04EC0-301F-11D3-BF4B-00C04F79EFBC}") = "WebTaskManagerApi", "WebTaskManagerApi\WebTaskManagerApi.csproj", "{C97472B0-74CF-4464-BDF0-4F1FE850547A}"
EndProject
Project("{FAE04EC0-301F-11D3-BF4B-00C04F79EFBC}") = "WebTaskManagerApp", "WebTaskManagerApp\WebTaskManagerApp.csproj", "{96D16346-2BD1-4744-A62A-461FFC894859}"
EndProject
Global
	GlobalSection(SolutionConfigurationPlatforms) = preSolution
		Debug|Any CPU = Debug|Any CPU
		Release|Any CPU = Release|Any CPU
	EndGlobalSection
	GlobalSection(ProjectConfigurationPlatforms) = postSolution
		{C97472B0-74CF-4464-BDF0-4F1FE850547A}.Debug|Any CPU.ActiveCfg = Debug|Any CPU
		{C97472B0-74CF-4464-BDF0-4F1FE850547A}.Debug|Any CPU.Build.0 = Debug|Any CPU
		{C97472B0-74CF-4464-BDF0-4F1FE850547A}.Release|Any CPU.ActiveCfg = Release|Any CPU
		{C97472B0-74CF-4464-BDF0-4F1FE850547A}.Release|Any CPU.Build.0 = Release|Any CPU
		{96D16346-2BD1-4744-A62A-461FFC894859}.Debug|Any CPU.ActiveCfg = Debug|Any CPU
		{96D16346-2BD1-4744-A62A-461FFC894859}.Debug|Any CPU.Build.0 = Debug|Any CPU
		{96D16346-2BD1-4744-A62A-461FFC894859}.Release|Any CPU.ActiveCfg = Release|Any CPU
		{96D16346-2BD1-4744-A62A-461FFC894859}.Release|Any CPU.Build.0 = Release|Any CPU
	EndGlobalSection
	GlobalSection(SolutionProperties) = preSolution
		HideSolutionNode = FALSE
	EndGlobalSection
	GlobalSection(ExtensibilityGlobals) = postSolution
		SolutionGuid = {DABA2BA3-AB5E-4517-88CD-962DCEAC8249}
	EndGlobalSection
EndGlobal
